<?xml version="1.0" encoding="utf-8"?>
<Project ToolsVersion="4.0" xmlns="http://schemas.microsoft.com/developer/msbuild/2003">
  <ItemGroup>
    <Filter Include="Source Files">
      <UniqueIdentifier>{5467dd49-ff5e-4be4-93ad-8291721fc00d}</UniqueIdentifier>
      <Extensions>cpp;c;cxx;def;odl;idl;hpj;bat;asm</Extensions>
    </Filter>
    <Filter Include="Source Files\rdp">
      <UniqueIdentifier>{708e14fa-0950-4210-9679-64e4b25cd6ff}</UniqueIdentifier>
    </Filter>
    <Filter Include="Resource Files">
      <UniqueIdentifier>{142a5325-573c-4fde-9d8f-af10cb6e28e5}</UniqueIdentifier>
      <Extensions>rc;ico;cur;bmp;dlg;rc2;rct;bin;rgs;gif;jpg;jpeg;jpe</Extensions>
    </Filter>
    <Filter Include="Source Files\rdp\vi">
      <UniqueIdentifier>{4391fe2f-d358-4664-8618-36742b05b445}</UniqueIdentifier>
    </Filter>
    <Filter Include="Source Files\rdp\tex">
      <UniqueIdentifier>{ed171682-9258-4601-8318-f621e6bbf26d}</UniqueIdentifier>
    </Filter>
  </ItemGroup>
  <ItemGroup>
    <ClCompile Include="rdp.c">
      <Filter>Source Files</Filter>
    </ClCompile>
    <ClCompile Include="parallel.cpp">
      <Filter>Source Files</Filter>
    </ClCompile>
    <ClCompile Include="rdp\cmd.c">
      <Filter>Source Files\rdp</Filter>
    </ClCompile>
    <ClCompile Include="rdp\blender.c">
      <Filter>Source Files\rdp</Filter>
    </ClCompile>
    <ClCompile Include="rdp\combiner.c">
      <Filter>Source Files\rdp</Filter>
    </ClCompile>
    <ClCompile Include="rdp\coverage.c">
      <Filter>Source Files\rdp</Filter>
    </ClCompile>
    <ClCompile Include="rdp\rasterizer.c">
      <Filter>Source Files\rdp</Filter>
    </ClCompile>
    <ClCompile Include="rdp\zbuffer.c">
      <Filter>Source Files\rdp</Filter>
    </ClCompile>
    <ClCompile Include="rdp\fbuffer.c">
      <Filter>Source Files\rdp</Filter>
    </ClCompile>
    <ClCompile Include="rdp\dither.c">
      <Filter>Source Files\rdp</Filter>
    </ClCompile>
    <ClCompile Include="rdp\tex.c">
      <Filter>Source Files\rdp</Filter>
    </ClCompile>
    <ClCompile Include="screen.c">
      <Filter>Source Files</Filter>
    </ClCompile>
    <ClCompile Include="rdp\rdram.c">
      <Filter>Source Files\rdp</Filter>
    </ClCompile>
    <ClCompile Include="rdp\vi\divot.c">
      <Filter>Source Files\rdp\vi</Filter>
    </ClCompile>
    <ClCompile Include="rdp\vi\fetch.c">
      <Filter>Source Files\rdp\vi</Filter>
    </ClCompile>
    <ClCompile Include="rdp\vi\gamma.c">
      <Filter>Source Files\rdp\vi</Filter>
    </ClCompile>
    <ClCompile Include="rdp\vi\lerp.c">
      <Filter>Source Files\rdp\vi</Filter>
    </ClCompile>
    <ClCompile Include="rdp\vi\restore.c">
      <Filter>Source Files\rdp\vi</Filter>
    </ClCompile>
    <ClCompile Include="rdp\vi\video.c">
      <Filter>Source Files\rdp\vi</Filter>
    </ClCompile>
    <ClCompile Include="rdp\tex\tcoord.c">
      <Filter>Source Files\rdp\tex</Filter>
    </ClCompile>
    <ClCompile Include="rdp\tex\tmem.c">
      <Filter>Source Files\rdp\tex</Filter>
    </ClCompile>
    <ClCompile Include="rdp\vi.c">
      <Filter>Source Files\rdp</Filter>
    </ClCompile>
    <ClCompile Include="plugin.c">
      <Filter>Source Files</Filter>
    </ClCompile>
  </ItemGroup>
  <ItemGroup>
    <ClInclude Include="common.h">
      <Filter>Source Files</Filter>
    </ClInclude>
    <ClInclude Include="rdp.h">
      <Filter>Source Files</Filter>
    </ClInclude>
    <ClInclude Include="msg.h">
      <Filter>Source Files</Filter>
    </ClInclude>
    <ClInclude Include="plugin.h">
      <Filter>Source Files</Filter>
    </ClInclude>
    <ClInclude Include="screen.h">
      <Filter>Source Files</Filter>
    </ClInclude>
    <ClInclude Include="parallel.h">
      <Filter>Source Files</Filter>
    </ClInclude>
  </ItemGroup>
  <ItemGroup>
    <None Include="version.h.in">
      <Filter>Source Files</Filter>
    </None>
  </ItemGroup>
</Project>